
Microsoft Visual Studio Solution File, Format Version 12.00
# Visual Studio Version 17
VisualStudioVersion = 17.9.34723.18
MinimumVisualStudioVersion = 10.0.40219.1
Project("{9A19103F-16F7-4668-BE54-9A1E7A4F7556}") = "DesignPatterns.FactoryMethod", "DesignPatterns.FactoryMethod\DesignPatterns.FactoryMethod.csproj", "{63A20DF8-96D7-4CA2-ADE4-6BB6937A7AD9}"
EndProject
Project("{2150E333-8FDC-42A3-9474-1A3956D46DE8}") = "Creational", "Creational", "{F335529E-495E-4DA0-8764-C52ECA2277B0}"
EndProject
Project("{9A19103F-16F7-4668-BE54-9A1E7A4F7556}") = "DesignPatterns.AbstractFactory", "DesignPatterns.AbstractFactory\DesignPatterns.AbstractFactory.csproj", "{D58CB6F3-2E0B-42BB-A265-2E004F2E7D09}"
EndProject
Project("{9A19103F-16F7-4668-BE54-9A1E7A4F7556}") = "DesignPatterns.Builder", "DesignPatterns.Builder\DesignPatterns.Builder.csproj", "{736366AC-4F73-436D-BF35-D18BECC9BCE8}"
EndProject
Project("{9A19103F-16F7-4668-BE54-9A1E7A4F7556}") = "DesignPatterns.Prototype", "DesignPatterns.Prototype\DesignPatterns.Prototype.csproj", "{ADBFF358-C358-4F59-8574-FA0191F20BF1}"
EndProject
Project("{9A19103F-16F7-4668-BE54-9A1E7A4F7556}") = "DesignPatterns.Singleton", "DesignPatterns.Singleton\DesignPatterns.Singleton.csproj", "{17ED5029-08DB-4E4E-85D2-177CBB80A840}"
EndProject
Project("{2150E333-8FDC-42A3-9474-1A3956D46DE8}") = "Structural", "Structural", "{3F63C8CC-FD13-44D1-9AF1-C94037758131}"
EndProject
Project("{9A19103F-16F7-4668-BE54-9A1E7A4F7556}") = "DesignPatterns.Adapter", "DesignPatterns.Adapter\DesignPatterns.Adapter.csproj", "{CD9AA9F1-A03A-4CE0-838E-B61D18BE1C53}"
EndProject
Project("{9A19103F-16F7-4668-BE54-9A1E7A4F7556}") = "DesignPatterns.Decorator", "DesignPatterns.Decorator\DesignPatterns.Decorator.csproj", "{27C35BED-30A5-4EC2-8D21-19E12F34F025}"
EndProject
Project("{9A19103F-16F7-4668-BE54-9A1E7A4F7556}") = "DesignPatterns.Facade", "DesignPatterns.Facade\DesignPatterns.Facade.csproj", "{62CD8F49-2A5B-4FE3-AE93-B489F62C8DD4}"
EndProject
Project("{9A19103F-16F7-4668-BE54-9A1E7A4F7556}") = "DesignPatterns.Proxy", "DesignPatterns.Proxy\DesignPatterns.Proxy.csproj", "{4B523AB4-9E9D-47BF-B743-51194BA01508}"
EndProject
Project("{9A19103F-16F7-4668-BE54-9A1E7A4F7556}") = "DesignPatterns.Composite", "DesignPatterns.Composite\DesignPatterns.Composite.csproj", "{BE3D85C9-962F-452A-BACF-278C4C62FF1E}"
EndProject
Project("{9A19103F-16F7-4668-BE54-9A1E7A4F7556}") = "DesignPatterns.Bridge", "DesignPatterns.Bridge\DesignPatterns.Bridge.csproj", "{A4AF1EEC-4168-4C83-9CD0-9CEA51D24224}"
EndProject
Project("{FAE04EC0-301F-11D3-BF4B-00C04F79EFBC}") = "DesignPatters.Flyweight", "DesignPatters.Flyweight\DesignPatters.Flyweight.csproj", "{EDEF6C67-8002-4BBB-B942-0111B76081E8}"
EndProject
Global
	GlobalSection(SolutionConfigurationPlatforms) = preSolution
		Debug|Any CPU = Debug|Any CPU
		Release|Any CPU = Release|Any CPU
	EndGlobalSection
	GlobalSection(ProjectConfigurationPlatforms) = postSolution
		{63A20DF8-96D7-4CA2-ADE4-6BB6937A7AD9}.Debug|Any CPU.ActiveCfg = Debug|Any CPU
		{63A20DF8-96D7-4CA2-ADE4-6BB6937A7AD9}.Debug|Any CPU.Build.0 = Debug|Any CPU
		{63A20DF8-96D7-4CA2-ADE4-6BB6937A7AD9}.Release|Any CPU.ActiveCfg = Release|Any CPU
		{63A20DF8-96D7-4CA2-ADE4-6BB6937A7AD9}.Release|Any CPU.Build.0 = Release|Any CPU
		{D58CB6F3-2E0B-42BB-A265-2E004F2E7D09}.Debug|Any CPU.ActiveCfg = Debug|Any CPU
		{D58CB6F3-2E0B-42BB-A265-2E004F2E7D09}.Debug|Any CPU.Build.0 = Debug|Any CPU
		{D58CB6F3-2E0B-42BB-A265-2E004F2E7D09}.Release|Any CPU.ActiveCfg = Release|Any CPU
		{D58CB6F3-2E0B-42BB-A265-2E004F2E7D09}.Release|Any CPU.Build.0 = Release|Any CPU
		{736366AC-4F73-436D-BF35-D18BECC9BCE8}.Debug|Any CPU.ActiveCfg = Debug|Any CPU
		{736366AC-4F73-436D-BF35-D18BECC9BCE8}.Debug|Any CPU.Build.0 = Debug|Any CPU
		{736366AC-4F73-436D-BF35-D18BECC9BCE8}.Release|Any CPU.ActiveCfg = Release|Any CPU
		{736366AC-4F73-436D-BF35-D18BECC9BCE8}.Release|Any CPU.Build.0 = Release|Any CPU
		{ADBFF358-C358-4F59-8574-FA0191F20BF1}.Debug|Any CPU.ActiveCfg = Debug|Any CPU
		{ADBFF358-C358-4F59-8574-FA0191F20BF1}.Debug|Any CPU.Build.0 = Debug|Any CPU
		{ADBFF358-C358-4F59-8574-FA0191F20BF1}.Release|Any CPU.ActiveCfg = Release|Any CPU
		{ADBFF358-C358-4F59-8574-FA0191F20BF1}.Release|Any CPU.Build.0 = Release|Any CPU
		{17ED5029-08DB-4E4E-85D2-177CBB80A840}.Debug|Any CPU.ActiveCfg = Debug|Any CPU
		{17ED5029-08DB-4E4E-85D2-177CBB80A840}.Debug|Any CPU.Build.0 = Debug|Any CPU
		{17ED5029-08DB-4E4E-85D2-177CBB80A840}.Release|Any CPU.ActiveCfg = Release|Any CPU
		{17ED5029-08DB-4E4E-85D2-177CBB80A840}.Release|Any CPU.Build.0 = Release|Any CPU
		{CD9AA9F1-A03A-4CE0-838E-B61D18BE1C53}.Debug|Any CPU.ActiveCfg = Debug|Any CPU
		{CD9AA9F1-A03A-4CE0-838E-B61D18BE1C53}.Debug|Any CPU.Build.0 = Debug|Any CPU
		{CD9AA9F1-A03A-4CE0-838E-B61D18BE1C53}.Release|Any CPU.ActiveCfg = Release|Any CPU
		{CD9AA9F1-A03A-4CE0-838E-B61D18BE1C53}.Release|Any CPU.Build.0 = Release|Any CPU
		{27C35BED-30A5-4EC2-8D21-19E12F34F025}.Debug|Any CPU.ActiveCfg = Debug|Any CPU
		{27C35BED-30A5-4EC2-8D21-19E12F34F025}.Debug|Any CPU.Build.0 = Debug|Any CPU
		{27C35BED-30A5-4EC2-8D21-19E12F34F025}.Release|Any CPU.ActiveCfg = Release|Any CPU
		{27C35BED-30A5-4EC2-8D21-19E12F34F025}.Release|Any CPU.Build.0 = Release|Any CPU
		{62CD8F49-2A5B-4FE3-AE93-B489F62C8DD4}.Debug|Any CPU.ActiveCfg = Debug|Any CPU
		{62CD8F49-2A5B-4FE3-AE93-B489F62C8DD4}.Debug|Any CPU.Build.0 = Debug|Any CPU
		{62CD8F49-2A5B-4FE3-AE93-B489F62C8DD4}.Release|Any CPU.ActiveCfg = Release|Any CPU
		{62CD8F49-2A5B-4FE3-AE93-B489F62C8DD4}.Release|Any CPU.Build.0 = Release|Any CPU
		{4B523AB4-9E9D-47BF-B743-51194BA01508}.Debug|Any CPU.ActiveCfg = Debug|Any CPU
		{4B523AB4-9E9D-47BF-B743-51194BA01508}.Debug|Any CPU.Build.0 = Debug|Any CPU
		{4B523AB4-9E9D-47BF-B743-51194BA01508}.Release|Any CPU.ActiveCfg = Release|Any CPU
		{4B523AB4-9E9D-47BF-B743-51194BA01508}.Release|Any CPU.Build.0 = Release|Any CPU
		{BE3D85C9-962F-452A-BACF-278C4C62FF1E}.Debug|Any CPU.ActiveCfg = Debug|Any CPU
		{BE3D85C9-962F-452A-BACF-278C4C62FF1E}.Debug|Any CPU.Build.0 = Debug|Any CPU
		{BE3D85C9-962F-452A-BACF-278C4C62FF1E}.Release|Any CPU.ActiveCfg = Release|Any CPU
		{BE3D85C9-962F-452A-BACF-278C4C62FF1E}.Release|Any CPU.Build.0 = Release|Any CPU
		{A4AF1EEC-4168-4C83-9CD0-9CEA51D24224}.Debug|Any CPU.ActiveCfg = Debug|Any CPU
		{A4AF1EEC-4168-4C83-9CD0-9CEA51D24224}.Debug|Any CPU.Build.0 = Debug|Any CPU
		{A4AF1EEC-4168-4C83-9CD0-9CEA51D24224}.Release|Any CPU.ActiveCfg = Release|Any CPU
		{A4AF1EEC-4168-4C83-9CD0-9CEA51D24224}.Release|Any CPU.Build.0 = Release|Any CPU
		{EDEF6C67-8002-4BBB-B942-0111B76081E8}.Debug|Any CPU.ActiveCfg = Debug|Any CPU
		{EDEF6C67-8002-4BBB-B942-0111B76081E8}.Debug|Any CPU.Build.0 = Debug|Any CPU
		{EDEF6C67-8002-4BBB-B942-0111B76081E8}.Release|Any CPU.ActiveCfg = Release|Any CPU
		{EDEF6C67-8002-4BBB-B942-0111B76081E8}.Release|Any CPU.Build.0 = Release|Any CPU
	EndGlobalSection
	GlobalSection(SolutionProperties) = preSolution
		HideSolutionNode = FALSE
	EndGlobalSection
	GlobalSection(NestedProjects) = preSolution
		{63A20DF8-96D7-4CA2-ADE4-6BB6937A7AD9} = {F335529E-495E-4DA0-8764-C52ECA2277B0}
		{D58CB6F3-2E0B-42BB-A265-2E004F2E7D09} = {F335529E-495E-4DA0-8764-C52ECA2277B0}
		{736366AC-4F73-436D-BF35-D18BECC9BCE8} = {F335529E-495E-4DA0-8764-C52ECA2277B0}
		{ADBFF358-C358-4F59-8574-FA0191F20BF1} = {F335529E-495E-4DA0-8764-C52ECA2277B0}
		{17ED5029-08DB-4E4E-85D2-177CBB80A840} = {F335529E-495E-4DA0-8764-C52ECA2277B0}
		{CD9AA9F1-A03A-4CE0-838E-B61D18BE1C53} = {3F63C8CC-FD13-44D1-9AF1-C94037758131}
		{27C35BED-30A5-4EC2-8D21-19E12F34F025} = {3F63C8CC-FD13-44D1-9AF1-C94037758131}
		{62CD8F49-2A5B-4FE3-AE93-B489F62C8DD4} = {3F63C8CC-FD13-44D1-9AF1-C94037758131}
		{4B523AB4-9E9D-47BF-B743-51194BA01508} = {3F63C8CC-FD13-44D1-9AF1-C94037758131}
		{BE3D85C9-962F-452A-BACF-278C4C62FF1E} = {3F63C8CC-FD13-44D1-9AF1-C94037758131}
		{A4AF1EEC-4168-4C83-9CD0-9CEA51D24224} = {3F63C8CC-FD13-44D1-9AF1-C94037758131}
		{EDEF6C67-8002-4BBB-B942-0111B76081E8} = {3F63C8CC-FD13-44D1-9AF1-C94037758131}
	EndGlobalSection
	GlobalSection(ExtensibilityGlobals) = postSolution
		SolutionGuid = {BBAC10D9-8D76-47DD-A39E-1CB92316DFA2}
	EndGlobalSection
EndGlobal
